// !$*UTF8*$!
{
	archiveVersion = 1;
	classes = {
	};
	objectVersion = 50;
	objects = {

/* Begin PBXBuildFile section */
		871E93672329C0460064B88E /* AppDelegate.swift in Sources */ = {isa = PBXBuildFile; fileRef = 871E93662329C0460064B88E /* AppDelegate.swift */; };
		871E93692329C0460064B88E /* ViewController.swift in Sources */ = {isa = PBXBuildFile; fileRef = 871E93682329C0460064B88E /* ViewController.swift */; };
		871E936C2329C0460064B88E /* Main.storyboard in Resources */ = {isa = PBXBuildFile; fileRef = 871E936A2329C0460064B88E /* Main.storyboard */; };
		871E936E2329C04D0064B88E /* Assets.xcassets in Resources */ = {isa = PBXBuildFile; fileRef = 871E936D2329C04D0064B88E /* Assets.xcassets */; };
		871E93712329C04D0064B88E /* LaunchScreen.storyboard in Resources */ = {isa = PBXBuildFile; fileRef = 871E936F2329C04D0064B88E /* LaunchScreen.storyboard */; };
		871E937C2329C04D0064B88E /* CodingChallengeTests.swift in Sources */ = {isa = PBXBuildFile; fileRef = 871E937B2329C04D0064B88E /* CodingChallengeTests.swift */; };
		871E93872329C04D0064B88E /* CodingChallengeUITests.swift in Sources */ = {isa = PBXBuildFile; fileRef = 871E93862329C04D0064B88E /* CodingChallengeUITests.swift */; };
		87240FEC233620BF007F1A27 /* FileSystemPersistenceController.swift in Sources */ = {isa = PBXBuildFile; fileRef = 87240FEB233620BF007F1A27 /* FileSystemPersistenceController.swift */; };
		872A1C35232A45C500ADAA9B /* CachingController.swift in Sources */ = {isa = PBXBuildFile; fileRef = 872A1C34232A45C500ADAA9B /* CachingController.swift */; };
		872A1C37232A462200ADAA9B /* FileSystemCacheController.swift in Sources */ = {isa = PBXBuildFile; fileRef = 872A1C36232A462200ADAA9B /* FileSystemCacheController.swift */; };
		872A1C39232A486900ADAA9B /* NetworkController.swift in Sources */ = {isa = PBXBuildFile; fileRef = 872A1C38232A486900ADAA9B /* NetworkController.swift */; };
		872A1C3B232A48CC00ADAA9B /* Result.swift in Sources */ = {isa = PBXBuildFile; fileRef = 872A1C3A232A48CC00ADAA9B /* Result.swift */; };
		872A1C3E232A495800ADAA9B /* ImageRequest.swift in Sources */ = {isa = PBXBuildFile; fileRef = 872A1C3D232A495800ADAA9B /* ImageRequest.swift */; };
		872A1C40232A497100ADAA9B /* NetworkRequest.swift in Sources */ = {isa = PBXBuildFile; fileRef = 872A1C3F232A497100ADAA9B /* NetworkRequest.swift */; };
		872A1C42232A49D300ADAA9B /* NetworkError.swift in Sources */ = {isa = PBXBuildFile; fileRef = 872A1C41232A49D300ADAA9B /* NetworkError.swift */; };
		872A1C44232A49FE00ADAA9B /* NetworkError.strings in Resources */ = {isa = PBXBuildFile; fileRef = 872A1C43232A49FE00ADAA9B /* NetworkError.strings */; };
		872A1C48232A4A8B00ADAA9B /* APIRequest.swift in Sources */ = {isa = PBXBuildFile; fileRef = 872A1C47232A4A8B00ADAA9B /* APIRequest.swift */; };
		872A1C4D232A887800ADAA9B /* MediumCell.swift in Sources */ = {isa = PBXBuildFile; fileRef = 872A1C4C232A887800ADAA9B /* MediumCell.swift */; };
		872A1C4F232A888B00ADAA9B /* Medium.swift in Sources */ = {isa = PBXBuildFile; fileRef = 872A1C4E232A888B00ADAA9B /* Medium.swift */; };
		872A1C51232A8AE700ADAA9B /* MediaTableViewDataSource.swift in Sources */ = {isa = PBXBuildFile; fileRef = 872A1C50232A8AE700ADAA9B /* MediaTableViewDataSource.swift */; };
		872A1C55232A925000ADAA9B /* MediaViewController.swift in Sources */ = {isa = PBXBuildFile; fileRef = 872A1C54232A925000ADAA9B /* MediaViewController.swift */; };
		8739F4BD232A3B6A00546AF8 /* Track.swift in Sources */ = {isa = PBXBuildFile; fileRef = 8739F4BC232A3B6A00546AF8 /* Track.swift */; };
		8739F4C1232A3C2C00546AF8 /* ModelTypes.swift in Sources */ = {isa = PBXBuildFile; fileRef = 8739F4C0232A3C2C00546AF8 /* ModelTypes.swift */; };
		8739F4C3232A3C5C00546AF8 /* Decoding.swift in Sources */ = {isa = PBXBuildFile; fileRef = 8739F4C2232A3C5C00546AF8 /* Decoding.swift */; };
		8739F4C5232A429200546AF8 /* SearchResult.swift in Sources */ = {isa = PBXBuildFile; fileRef = 8739F4C4232A429200546AF8 /* SearchResult.swift */; };
		877D08552334C86900A3E2DD /* ImagedCell.swift in Sources */ = {isa = PBXBuildFile; fileRef = 877D08542334C86900A3E2DD /* ImagedCell.swift */; };
		877D08572334D1A500A3E2DD /* MediumViewController.swift in Sources */ = {isa = PBXBuildFile; fileRef = 877D08562334D1A500A3E2DD /* MediumViewController.swift */; };
		879073D6232BC17700D7AD1D /* UITableView.swift in Sources */ = {isa = PBXBuildFile; fileRef = 879073D5232BC17700D7AD1D /* UITableView.swift */; };
		87997A2B2337440E0084A6A7 /* Coordinator.swift in Sources */ = {isa = PBXBuildFile; fileRef = 87997A2A2337440E0084A6A7 /* Coordinator.swift */; };
		87997A2F233758A20084A6A7 /* PersistenceController.swift in Sources */ = {isa = PBXBuildFile; fileRef = 87997A2E233758A20084A6A7 /* PersistenceController.swift */; };
		87997A7223379A5D0084A6A7 /* Date.swift in Sources */ = {isa = PBXBuildFile; fileRef = 87997A7123379A5D0084A6A7 /* Date.swift */; };
		87EEE95B2334F1A400573FB9 /* MainCoordinator.swift in Sources */ = {isa = PBXBuildFile; fileRef = 87EEE95A2334F1A400573FB9 /* MainCoordinator.swift */; };
		87EEE95D2334F44200573FB9 /* StateController.swift in Sources */ = {isa = PBXBuildFile; fileRef = 87EEE95C2334F44200573FB9 /* StateController.swift */; };
		87EEE95F23350CAC00573FB9 /* SummaryCell.swift in Sources */ = {isa = PBXBuildFile; fileRef = 87EEE95E23350CAC00573FB9 /* SummaryCell.swift */; };
		87EEE96123350D1900573FB9 /* DescriptionCell.swift in Sources */ = {isa = PBXBuildFile; fileRef = 87EEE96023350D1900573FB9 /* DescriptionCell.swift */; };
		87EEE9632335132600573FB9 /* MediumTableViewDataSource.swift in Sources */ = {isa = PBXBuildFile; fileRef = 87EEE9622335132600573FB9 /* MediumTableViewDataSource.swift */; };
/* End PBXBuildFile section */

/* Begin PBXContainerItemProxy section */
		871E93782329C04D0064B88E /* PBXContainerItemProxy */ = {
			isa = PBXContainerItemProxy;
			containerPortal = 871E935B2329C0460064B88E /* Project object */;
			proxyType = 1;
			remoteGlobalIDString = 871E93622329C0460064B88E;
			remoteInfo = CodingChallenge;
		};
		871E93832329C04D0064B88E /* PBXContainerItemProxy */ = {
			isa = PBXContainerItemProxy;
			containerPortal = 871E935B2329C0460064B88E /* Project object */;
			proxyType = 1;
			remoteGlobalIDString = 871E93622329C0460064B88E;
			remoteInfo = CodingChallenge;
		};
/* End PBXContainerItemProxy section */

/* Begin PBXFileReference section */
		871E93632329C0460064B88E /* CodingChallenge.app */ = {isa = PBXFileReference; explicitFileType = wrapper.application; includeInIndex = 0; path = CodingChallenge.app; sourceTree = BUILT_PRODUCTS_DIR; };
		871E93662329C0460064B88E /* AppDelegate.swift */ = {isa = PBXFileReference; lastKnownFileType = sourcecode.swift; path = AppDelegate.swift; sourceTree = "<group>"; };
		871E93682329C0460064B88E /* ViewController.swift */ = {isa = PBXFileReference; lastKnownFileType = sourcecode.swift; path = ViewController.swift; sourceTree = "<group>"; };
		871E936B2329C0460064B88E /* Base */ = {isa = PBXFileReference; lastKnownFileType = file.storyboard; name = Base; path = Base.lproj/Main.storyboard; sourceTree = "<group>"; };
		871E936D2329C04D0064B88E /* Assets.xcassets */ = {isa = PBXFileReference; lastKnownFileType = folder.assetcatalog; path = Assets.xcassets; sourceTree = "<group>"; };
		871E93702329C04D0064B88E /* Base */ = {isa = PBXFileReference; lastKnownFileType = file.storyboard; name = Base; path = Base.lproj/LaunchScreen.storyboard; sourceTree = "<group>"; };
		871E93722329C04D0064B88E /* Info.plist */ = {isa = PBXFileReference; lastKnownFileType = text.plist.xml; path = Info.plist; sourceTree = "<group>"; };
		871E93772329C04D0064B88E /* CodingChallengeTests.xctest */ = {isa = PBXFileReference; explicitFileType = wrapper.cfbundle; includeInIndex = 0; path = CodingChallengeTests.xctest; sourceTree = BUILT_PRODUCTS_DIR; };
		871E937B2329C04D0064B88E /* CodingChallengeTests.swift */ = {isa = PBXFileReference; lastKnownFileType = sourcecode.swift; path = CodingChallengeTests.swift; sourceTree = "<group>"; };
		871E937D2329C04D0064B88E /* Info.plist */ = {isa = PBXFileReference; lastKnownFileType = text.plist.xml; path = Info.plist; sourceTree = "<group>"; };
		871E93822329C04D0064B88E /* CodingChallengeUITests.xctest */ = {isa = PBXFileReference; explicitFileType = wrapper.cfbundle; includeInIndex = 0; path = CodingChallengeUITests.xctest; sourceTree = BUILT_PRODUCTS_DIR; };
		871E93862329C04D0064B88E /* CodingChallengeUITests.swift */ = {isa = PBXFileReference; lastKnownFileType = sourcecode.swift; path = CodingChallengeUITests.swift; sourceTree = "<group>"; };
		871E93882329C04D0064B88E /* Info.plist */ = {isa = PBXFileReference; lastKnownFileType = text.plist.xml; path = Info.plist; sourceTree = "<group>"; };
		87240FEB233620BF007F1A27 /* FileSystemPersistenceController.swift */ = {isa = PBXFileReference; lastKnownFileType = sourcecode.swift; path = FileSystemPersistenceController.swift; sourceTree = "<group>"; };
		872A1C34232A45C500ADAA9B /* CachingController.swift */ = {isa = PBXFileReference; lastKnownFileType = sourcecode.swift; path = CachingController.swift; sourceTree = "<group>"; };
		872A1C36232A462200ADAA9B /* FileSystemCacheController.swift */ = {isa = PBXFileReference; lastKnownFileType = sourcecode.swift; path = FileSystemCacheController.swift; sourceTree = "<group>"; };
		872A1C38232A486900ADAA9B /* NetworkController.swift */ = {isa = PBXFileReference; lastKnownFileType = sourcecode.swift; path = NetworkController.swift; sourceTree = "<group>"; };
		872A1C3A232A48CC00ADAA9B /* Result.swift */ = {isa = PBXFileReference; lastKnownFileType = sourcecode.swift; path = Result.swift; sourceTree = "<group>"; };
		872A1C3D232A495800ADAA9B /* ImageRequest.swift */ = {isa = PBXFileReference; lastKnownFileType = sourcecode.swift; path = ImageRequest.swift; sourceTree = "<group>"; };
		872A1C3F232A497100ADAA9B /* NetworkRequest.swift */ = {isa = PBXFileReference; lastKnownFileType = sourcecode.swift; path = NetworkRequest.swift; sourceTree = "<group>"; };
		872A1C41232A49D300ADAA9B /* NetworkError.swift */ = {isa = PBXFileReference; lastKnownFileType = sourcecode.swift; path = NetworkError.swift; sourceTree = "<group>"; };
		872A1C43232A49FE00ADAA9B /* NetworkError.strings */ = {isa = PBXFileReference; lastKnownFileType = text.plist.strings; path = NetworkError.strings; sourceTree = "<group>"; };
		872A1C47232A4A8B00ADAA9B /* APIRequest.swift */ = {isa = PBXFileReference; lastKnownFileType = sourcecode.swift; path = APIRequest.swift; sourceTree = "<group>"; };
		872A1C4C232A887800ADAA9B /* MediumCell.swift */ = {isa = PBXFileReference; lastKnownFileType = sourcecode.swift; path = MediumCell.swift; sourceTree = "<group>"; };
		872A1C4E232A888B00ADAA9B /* Medium.swift */ = {isa = PBXFileReference; lastKnownFileType = sourcecode.swift; path = Medium.swift; sourceTree = "<group>"; };
		872A1C50232A8AE700ADAA9B /* MediaTableViewDataSource.swift */ = {isa = PBXFileReference; lastKnownFileType = sourcecode.swift; path = MediaTableViewDataSource.swift; sourceTree = "<group>"; };
		872A1C54232A925000ADAA9B /* MediaViewController.swift */ = {isa = PBXFileReference; lastKnownFileType = sourcecode.swift; path = MediaViewController.swift; sourceTree = "<group>"; };
		8739F4BC232A3B6A00546AF8 /* Track.swift */ = {isa = PBXFileReference; lastKnownFileType = sourcecode.swift; path = Track.swift; sourceTree = "<group>"; };
		8739F4C0232A3C2C00546AF8 /* ModelTypes.swift */ = {isa = PBXFileReference; lastKnownFileType = sourcecode.swift; path = ModelTypes.swift; sourceTree = "<group>"; };
		8739F4C2232A3C5C00546AF8 /* Decoding.swift */ = {isa = PBXFileReference; lastKnownFileType = sourcecode.swift; path = Decoding.swift; sourceTree = "<group>"; };
		8739F4C4232A429200546AF8 /* SearchResult.swift */ = {isa = PBXFileReference; lastKnownFileType = sourcecode.swift; path = SearchResult.swift; sourceTree = "<group>"; };
		877D08542334C86900A3E2DD /* ImagedCell.swift */ = {isa = PBXFileReference; lastKnownFileType = sourcecode.swift; path = ImagedCell.swift; sourceTree = "<group>"; };
		877D08562334D1A500A3E2DD /* MediumViewController.swift */ = {isa = PBXFileReference; lastKnownFileType = sourcecode.swift; path = MediumViewController.swift; sourceTree = "<group>"; };
		879073D5232BC17700D7AD1D /* UITableView.swift */ = {isa = PBXFileReference; lastKnownFileType = sourcecode.swift; path = UITableView.swift; sourceTree = "<group>"; };
		87997A2A2337440E0084A6A7 /* Coordinator.swift */ = {isa = PBXFileReference; lastKnownFileType = sourcecode.swift; path = Coordinator.swift; sourceTree = "<group>"; };
		87997A2E233758A20084A6A7 /* PersistenceController.swift */ = {isa = PBXFileReference; lastKnownFileType = sourcecode.swift; path = PersistenceController.swift; sourceTree = "<group>"; };
		87997A7123379A5D0084A6A7 /* Date.swift */ = {isa = PBXFileReference; lastKnownFileType = sourcecode.swift; path = Date.swift; sourceTree = "<group>"; };
		87EEE95A2334F1A400573FB9 /* MainCoordinator.swift */ = {isa = PBXFileReference; lastKnownFileType = sourcecode.swift; path = MainCoordinator.swift; sourceTree = "<group>"; };
		87EEE95C2334F44200573FB9 /* StateController.swift */ = {isa = PBXFileReference; lastKnownFileType = sourcecode.swift; path = StateController.swift; sourceTree = "<group>"; };
		87EEE95E23350CAC00573FB9 /* SummaryCell.swift */ = {isa = PBXFileReference; lastKnownFileType = sourcecode.swift; path = SummaryCell.swift; sourceTree = "<group>"; };
		87EEE96023350D1900573FB9 /* DescriptionCell.swift */ = {isa = PBXFileReference; lastKnownFileType = sourcecode.swift; path = DescriptionCell.swift; sourceTree = "<group>"; };
		87EEE9622335132600573FB9 /* MediumTableViewDataSource.swift */ = {isa = PBXFileReference; lastKnownFileType = sourcecode.swift; path = MediumTableViewDataSource.swift; sourceTree = "<group>"; };
/* End PBXFileReference section */

/* Begin PBXFrameworksBuildPhase section */
		871E93602329C0460064B88E /* Frameworks */ = {
			isa = PBXFrameworksBuildPhase;
			buildActionMask = 2147483647;
			files = (
			);
			runOnlyForDeploymentPostprocessing = 0;
		};
		871E93742329C04D0064B88E /* Frameworks */ = {
			isa = PBXFrameworksBuildPhase;
			buildActionMask = 2147483647;
			files = (
			);
			runOnlyForDeploymentPostprocessing = 0;
		};
		871E937F2329C04D0064B88E /* Frameworks */ = {
			isa = PBXFrameworksBuildPhase;
			buildActionMask = 2147483647;
			files = (
			);
			runOnlyForDeploymentPostprocessing = 0;
		};
/* End PBXFrameworksBuildPhase section */

/* Begin PBXGroup section */
		871E935A2329C0460064B88E = {
			isa = PBXGroup;
			children = (
				871E93652329C0460064B88E /* CodingChallenge */,
				871E937A2329C04D0064B88E /* CodingChallengeTests */,
				871E93852329C04D0064B88E /* CodingChallengeUITests */,
				871E93642329C0460064B88E /* Products */,
			);
			sourceTree = "<group>";
		};
		871E93642329C0460064B88E /* Products */ = {
			isa = PBXGroup;
			children = (
				871E93632329C0460064B88E /* CodingChallenge.app */,
				871E93772329C04D0064B88E /* CodingChallengeTests.xctest */,
				871E93822329C04D0064B88E /* CodingChallengeUITests.xctest */,
			);
			name = Products;
			sourceTree = "<group>";
		};
		871E93652329C0460064B88E /* CodingChallenge */ = {
			isa = PBXGroup;
			children = (
				87498AB32329C089008633E0 /* Source */,
				871E93662329C0460064B88E /* AppDelegate.swift */,
				871E93682329C0460064B88E /* ViewController.swift */,
				871E936A2329C0460064B88E /* Main.storyboard */,
				871E936D2329C04D0064B88E /* Assets.xcassets */,
				871E936F2329C04D0064B88E /* LaunchScreen.storyboard */,
				871E93722329C04D0064B88E /* Info.plist */,
			);
			path = CodingChallenge;
			sourceTree = "<group>";
		};
		871E937A2329C04D0064B88E /* CodingChallengeTests */ = {
			isa = PBXGroup;
			children = (
				871E937B2329C04D0064B88E /* CodingChallengeTests.swift */,
				871E937D2329C04D0064B88E /* Info.plist */,
			);
			path = CodingChallengeTests;
			sourceTree = "<group>";
		};
		871E93852329C04D0064B88E /* CodingChallengeUITests */ = {
			isa = PBXGroup;
			children = (
				871E93862329C04D0064B88E /* CodingChallengeUITests.swift */,
				871E93882329C04D0064B88E /* Info.plist */,
			);
			path = CodingChallengeUITests;
			sourceTree = "<group>";
		};
		87240FE823361FE7007F1A27 /* Persistence */ = {
			isa = PBXGroup;
			children = (
				87997A2E233758A20084A6A7 /* PersistenceController.swift */,
				87240FEB233620BF007F1A27 /* FileSystemPersistenceController.swift */,
			);
			path = Persistence;
			sourceTree = "<group>";
		};
		872A1C30232A451000ADAA9B /* Networking */ = {
			isa = PBXGroup;
			children = (
				872A1C3C232A494E00ADAA9B /* Requests */,
				872A1C38232A486900ADAA9B /* NetworkController.swift */,
				872A1C3A232A48CC00ADAA9B /* Result.swift */,
			);
			path = Networking;
			sourceTree = "<group>";
		};
		872A1C33232A45AC00ADAA9B /* Caching */ = {
			isa = PBXGroup;
			children = (
				872A1C34232A45C500ADAA9B /* CachingController.swift */,
				872A1C36232A462200ADAA9B /* FileSystemCacheController.swift */,
			);
			path = Caching;
			sourceTree = "<group>";
		};
		872A1C3C232A494E00ADAA9B /* Requests */ = {
			isa = PBXGroup;
			children = (
				872A1C3F232A497100ADAA9B /* NetworkRequest.swift */,
				872A1C41232A49D300ADAA9B /* NetworkError.swift */,
				872A1C43232A49FE00ADAA9B /* NetworkError.strings */,
				872A1C3D232A495800ADAA9B /* ImageRequest.swift */,
				872A1C47232A4A8B00ADAA9B /* APIRequest.swift */,
			);
			path = Requests;
			sourceTree = "<group>";
		};
		872A1C4B232A881100ADAA9B /* Screens and navigation */ = {
			isa = PBXGroup;
			children = (
				877D08522334C37B00A3E2DD /* List */,
				877D08532334C39100A3E2DD /* Detail */,
				87EEE95A2334F1A400573FB9 /* MainCoordinator.swift */,
				87997A2A2337440E0084A6A7 /* Coordinator.swift */,
			);
			path = "Screens and navigation";
			sourceTree = "<group>";
		};
		87498AB32329C089008633E0 /* Source */ = {
			isa = PBXGroup;
			children = (
				879073D4232BC16400D7AD1D /* Protocols and extensions */,
				872A1C4B232A881100ADAA9B /* Screens and navigation */,
				87498AB42329C08E008633E0 /* Core */,
			);
			path = Source;
			sourceTree = "<group>";
		};
		87498AB42329C08E008633E0 /* Core */ = {
			isa = PBXGroup;
			children = (
				87EEE95C2334F44200573FB9 /* StateController.swift */,
				87498AB52329C0A1008633E0 /* Model */,
				87240FE823361FE7007F1A27 /* Persistence */,
				872A1C33232A45AC00ADAA9B /* Caching */,
				872A1C30232A451000ADAA9B /* Networking */,
			);
			path = Core;
			sourceTree = "<group>";
		};
		87498AB52329C0A1008633E0 /* Model */ = {
			isa = PBXGroup;
			children = (
				872A1C4E232A888B00ADAA9B /* Medium.swift */,
				8739F4BC232A3B6A00546AF8 /* Track.swift */,
				8739F4C4232A429200546AF8 /* SearchResult.swift */,
				8739F4C0232A3C2C00546AF8 /* ModelTypes.swift */,
				8739F4C2232A3C5C00546AF8 /* Decoding.swift */,
			);
			path = Model;
			sourceTree = "<group>";
		};
		877D08522334C37B00A3E2DD /* List */ = {
			isa = PBXGroup;
			children = (
				872A1C4C232A887800ADAA9B /* MediumCell.swift */,
				872A1C50232A8AE700ADAA9B /* MediaTableViewDataSource.swift */,
				872A1C54232A925000ADAA9B /* MediaViewController.swift */,
			);
			path = List;
			sourceTree = "<group>";
		};
		877D08532334C39100A3E2DD /* Detail */ = {
			isa = PBXGroup;
			children = (
				87EEE95E23350CAC00573FB9 /* SummaryCell.swift */,
				87EEE96023350D1900573FB9 /* DescriptionCell.swift */,
				87EEE9622335132600573FB9 /* MediumTableViewDataSource.swift */,
				877D08562334D1A500A3E2DD /* MediumViewController.swift */,
			);
			path = Detail;
			sourceTree = "<group>";
		};
		879073D4232BC16400D7AD1D /* Protocols and extensions */ = {
			isa = PBXGroup;
			children = (
				879073D5232BC17700D7AD1D /* UITableView.swift */,
				877D08542334C86900A3E2DD /* ImagedCell.swift */,
				87997A7123379A5D0084A6A7 /* Date.swift */,
			);
			path = "Protocols and extensions";
			sourceTree = "<group>";
		};
/* End PBXGroup section */

/* Begin PBXNativeTarget section */
		871E93622329C0460064B88E /* CodingChallenge */ = {
			isa = PBXNativeTarget;
			buildConfigurationList = 871E938B2329C04D0064B88E /* Build configuration list for PBXNativeTarget "CodingChallenge" */;
			buildPhases = (
				871E935F2329C0460064B88E /* Sources */,
				871E93602329C0460064B88E /* Frameworks */,
				871E93612329C0460064B88E /* Resources */,
			);
			buildRules = (
			);
			dependencies = (
			);
			name = CodingChallenge;
			productName = CodingChallenge;
			productReference = 871E93632329C0460064B88E /* CodingChallenge.app */;
			productType = "com.apple.product-type.application";
		};
		871E93762329C04D0064B88E /* CodingChallengeTests */ = {
			isa = PBXNativeTarget;
			buildConfigurationList = 871E938E2329C04D0064B88E /* Build configuration list for PBXNativeTarget "CodingChallengeTests" */;
			buildPhases = (
				871E93732329C04D0064B88E /* Sources */,
				871E93742329C04D0064B88E /* Frameworks */,
				871E93752329C04D0064B88E /* Resources */,
			);
			buildRules = (
			);
			dependencies = (
				871E93792329C04D0064B88E /* PBXTargetDependency */,
			);
			name = CodingChallengeTests;
			productName = CodingChallengeTests;
			productReference = 871E93772329C04D0064B88E /* CodingChallengeTests.xctest */;
			productType = "com.apple.product-type.bundle.unit-test";
		};
		871E93812329C04D0064B88E /* CodingChallengeUITests */ = {
			isa = PBXNativeTarget;
			buildConfigurationList = 871E93912329C04D0064B88E /* Build configuration list for PBXNativeTarget "CodingChallengeUITests" */;
			buildPhases = (
				871E937E2329C04D0064B88E /* Sources */,
				871E937F2329C04D0064B88E /* Frameworks */,
				871E93802329C04D0064B88E /* Resources */,
			);
			buildRules = (
			);
			dependencies = (
				871E93842329C04D0064B88E /* PBXTargetDependency */,
			);
			name = CodingChallengeUITests;
			productName = CodingChallengeUITests;
			productReference = 871E93822329C04D0064B88E /* CodingChallengeUITests.xctest */;
			productType = "com.apple.product-type.bundle.ui-testing";
		};
/* End PBXNativeTarget section */

/* Begin PBXProject section */
		871E935B2329C0460064B88E /* Project object */ = {
			isa = PBXProject;
			attributes = {
				LastSwiftUpdateCheck = 1030;
				LastUpgradeCheck = 1030;
				ORGANIZATIONNAME = Reginald;
				TargetAttributes = {
					871E93622329C0460064B88E = {
						CreatedOnToolsVersion = 10.3;
					};
					871E93762329C04D0064B88E = {
						CreatedOnToolsVersion = 10.3;
						TestTargetID = 871E93622329C0460064B88E;
					};
					871E93812329C04D0064B88E = {
						CreatedOnToolsVersion = 10.3;
						TestTargetID = 871E93622329C0460064B88E;
					};
				};
			};
			buildConfigurationList = 871E935E2329C0460064B88E /* Build configuration list for PBXProject "CodingChallenge" */;
			compatibilityVersion = "Xcode 9.3";
			developmentRegion = en;
			hasScannedForEncodings = 0;
			knownRegions = (
				en,
				Base,
			);
			mainGroup = 871E935A2329C0460064B88E;
			productRefGroup = 871E93642329C0460064B88E /* Products */;
			projectDirPath = "";
			projectRoot = "";
			targets = (
				871E93622329C0460064B88E /* CodingChallenge */,
				871E93762329C04D0064B88E /* CodingChallengeTests */,
				871E93812329C04D0064B88E /* CodingChallengeUITests */,
			);
		};
/* End PBXProject section */

/* Begin PBXResourcesBuildPhase section */
		871E93612329C0460064B88E /* Resources */ = {
			isa = PBXResourcesBuildPhase;
			buildActionMask = 2147483647;
			files = (
				872A1C44232A49FE00ADAA9B /* NetworkError.strings in Resources */,
				871E93712329C04D0064B88E /* LaunchScreen.storyboard in Resources */,
				871E936E2329C04D0064B88E /* Assets.xcassets in Resources */,
				871E936C2329C0460064B88E /* Main.storyboard in Resources */,
			);
			runOnlyForDeploymentPostprocessing = 0;
		};
		871E93752329C04D0064B88E /* Resources */ = {
			isa = PBXResourcesBuildPhase;
			buildActionMask = 2147483647;
			files = (
			);
			runOnlyForDeploymentPostprocessing = 0;
		};
		871E93802329C04D0064B88E /* Resources */ = {
			isa = PBXResourcesBuildPhase;
			buildActionMask = 2147483647;
			files = (
			);
			runOnlyForDeploymentPostprocessing = 0;
		};
/* End PBXResourcesBuildPhase section */

/* Begin PBXSourcesBuildPhase section */
		871E935F2329C0460064B88E /* Sources */ = {
			isa = PBXSourcesBuildPhase;
			buildActionMask = 2147483647;
			files = (
				8739F4C3232A3C5C00546AF8 /* Decoding.swift in Sources */,
				87997A7223379A5D0084A6A7 /* Date.swift in Sources */,
				872A1C3E232A495800ADAA9B /* ImageRequest.swift in Sources */,
				871E93692329C0460064B88E /* ViewController.swift in Sources */,
				87EEE9632335132600573FB9 /* MediumTableViewDataSource.swift in Sources */,
				871E93672329C0460064B88E /* AppDelegate.swift in Sources */,
				872A1C35232A45C500ADAA9B /* CachingController.swift in Sources */,
				877D08572334D1A500A3E2DD /* MediumViewController.swift in Sources */,
				872A1C37232A462200ADAA9B /* FileSystemCacheController.swift in Sources */,
				872A1C4F232A888B00ADAA9B /* Medium.swift in Sources */,
				87997A2F233758A20084A6A7 /* PersistenceController.swift in Sources */,
				87EEE95B2334F1A400573FB9 /* MainCoordinator.swift in Sources */,
				87EEE95F23350CAC00573FB9 /* SummaryCell.swift in Sources */,
				8739F4C1232A3C2C00546AF8 /* ModelTypes.swift in Sources */,
				872A1C51232A8AE700ADAA9B /* MediaTableViewDataSource.swift in Sources */,
				87240FEC233620BF007F1A27 /* FileSystemPersistenceController.swift in Sources */,
				872A1C4D232A887800ADAA9B /* MediumCell.swift in Sources */,
				879073D6232BC17700D7AD1D /* UITableView.swift in Sources */,
				87EEE96123350D1900573FB9 /* DescriptionCell.swift in Sources */,
				87997A2B2337440E0084A6A7 /* Coordinator.swift in Sources */,
				87EEE95D2334F44200573FB9 /* StateController.swift in Sources */,
				872A1C3B232A48CC00ADAA9B /* Result.swift in Sources */,
				8739F4C5232A429200546AF8 /* SearchResult.swift in Sources */,
				8739F4BD232A3B6A00546AF8 /* Track.swift in Sources */,
				877D08552334C86900A3E2DD /* ImagedCell.swift in Sources */,
				872A1C42232A49D300ADAA9B /* NetworkError.swift in Sources */,
				872A1C40232A497100ADAA9B /* NetworkRequest.swift in Sources */,
				872A1C48232A4A8B00ADAA9B /* APIRequest.swift in Sources */,
				872A1C39232A486900ADAA9B /* NetworkController.swift in Sources */,
				872A1C55232A925000ADAA9B /* MediaViewController.swift in Sources */,
			);
			runOnlyForDeploymentPostprocessing = 0;
		};
		871E93732329C04D0064B88E /* Sources */ = {
			isa = PBXSourcesBuildPhase;
			buildActionMask = 2147483647;
			files = (
				871E937C2329C04D0064B88E /* CodingChallengeTests.swift in Sources */,
			);
			runOnlyForDeploymentPostprocessing = 0;
		};
		871E937E2329C04D0064B88E /* Sources */ = {
			isa = PBXSourcesBuildPhase;
			buildActionMask = 2147483647;
			files = (
				871E93872329C04D0064B88E /* CodingChallengeUITests.swift in Sources */,
			);
			runOnlyForDeploymentPostprocessing = 0;
		};
/* End PBXSourcesBuildPhase section */

/* Begin PBXTargetDependency section */
		871E93792329C04D0064B88E /* PBXTargetDependency */ = {
			isa = PBXTargetDependency;
			target = 871E93622329C0460064B88E /* CodingChallenge */;
			targetProxy = 871E93782329C04D0064B88E /* PBXContainerItemProxy */;
		};
		871E93842329C04D0064B88E /* PBXTargetDependency */ = {
			isa = PBXTargetDependency;
			target = 871E93622329C0460064B88E /* CodingChallenge */;
			targetProxy = 871E93832329C04D0064B88E /* PBXContainerItemProxy */;
		};
/* End PBXTargetDependency section */

/* Begin PBXVariantGroup section */
		871E936A2329C0460064B88E /* Main.storyboard */ = {
			isa = PBXVariantGroup;
			children = (
				871E936B2329C0460064B88E /* Base */,
			);
			name = Main.storyboard;
			sourceTree = "<group>";
		};
		871E936F2329C04D0064B88E /* LaunchScreen.storyboard */ = {
			isa = PBXVariantGroup;
			children = (
				871E93702329C04D0064B88E /* Base */,
			);
			name = LaunchScreen.storyboard;
			sourceTree = "<group>";
		};
/* End PBXVariantGroup section */

/* Begin XCBuildConfiguration section */
		871E93892329C04D0064B88E /* Debug */ = {
			isa = XCBuildConfiguration;
			buildSettings = {
				ALWAYS_SEARCH_USER_PATHS = NO;
				CLANG_ANALYZER_NONNULL = YES;
				CLANG_ANALYZER_NUMBER_OBJECT_CONVERSION = YES_AGGRESSIVE;
				CLANG_CXX_LANGUAGE_STANDARD = "gnu++14";
				CLANG_CXX_LIBRARY = "libc++";
				CLANG_ENABLE_MODULES = YES;
				CLANG_ENABLE_OBJC_ARC = YES;
				CLANG_ENABLE_OBJC_WEAK = YES;
				CLANG_WARN_BLOCK_CAPTURE_AUTORELEASING = YES;
				CLANG_WARN_BOOL_CONVERSION = YES;
				CLANG_WARN_COMMA = YES;
				CLANG_WARN_CONSTANT_CONVERSION = YES;
				CLANG_WARN_DEPRECATED_OBJC_IMPLEMENTATIONS = YES;
				CLANG_WARN_DIRECT_OBJC_ISA_USAGE = YES_ERROR;
				CLANG_WARN_DOCUMENTATION_COMMENTS = YES;
				CLANG_WARN_EMPTY_BODY = YES;
				CLANG_WARN_ENUM_CONVERSION = YES;
				CLANG_WARN_INFINITE_RECURSION = YES;
				CLANG_WARN_INT_CONVERSION = YES;
				CLANG_WARN_NON_LITERAL_NULL_CONVERSION = YES;
				CLANG_WARN_OBJC_IMPLICIT_RETAIN_SELF = YES;
				CLANG_WARN_OBJC_LITERAL_CONVERSION = YES;
				CLANG_WARN_OBJC_ROOT_CLASS = YES_ERROR;
				CLANG_WARN_RANGE_LOOP_ANALYSIS = YES;
				CLANG_WARN_STRICT_PROTOTYPES = YES;
				CLANG_WARN_SUSPICIOUS_MOVE = YES;
				CLANG_WARN_UNGUARDED_AVAILABILITY = YES_AGGRESSIVE;
				CLANG_WARN_UNREACHABLE_CODE = YES;
				CLANG_WARN__DUPLICATE_METHOD_MATCH = YES;
				CODE_SIGN_IDENTITY = "iPhone Developer";
				COPY_PHASE_STRIP = NO;
				DEBUG_INFORMATION_FORMAT = dwarf;
				ENABLE_STRICT_OBJC_MSGSEND = YES;
				ENABLE_TESTABILITY = YES;
				GCC_C_LANGUAGE_STANDARD = gnu11;
				GCC_DYNAMIC_NO_PIC = NO;
				GCC_NO_COMMON_BLOCKS = YES;
				GCC_OPTIMIZATION_LEVEL = 0;
				GCC_PREPROCESSOR_DEFINITIONS = (
					"DEBUG=1",
					"$(inherited)",
				);
				GCC_WARN_64_TO_32_BIT_CONVERSION = YES;
				GCC_WARN_ABOUT_RETURN_TYPE = YES_ERROR;
				GCC_WARN_UNDECLARED_SELECTOR = YES;
				GCC_WARN_UNINITIALIZED_AUTOS = YES_AGGRESSIVE;
				GCC_WARN_UNUSED_FUNCTION = YES;
				GCC_WARN_UNUSED_VARIABLE = YES;
				IPHONEOS_DEPLOYMENT_TARGET = 12.4;
				MTL_ENABLE_DEBUG_INFO = INCLUDE_SOURCE;
				MTL_FAST_MATH = YES;
				ONLY_ACTIVE_ARCH = YES;
				SDKROOT = iphoneos;
				SWIFT_ACTIVE_COMPILATION_CONDITIONS = DEBUG;
				SWIFT_OPTIMIZATION_LEVEL = "-Onone";
			};
			name = Debug;
		};
		871E938A2329C04D0064B88E /* Release */ = {
			isa = XCBuildConfiguration;
			buildSettings = {
				ALWAYS_SEARCH_USER_PATHS = NO;
				CLANG_ANALYZER_NONNULL = YES;
				CLANG_ANALYZER_NUMBER_OBJECT_CONVERSION = YES_AGGRESSIVE;
				CLANG_CXX_LANGUAGE_STANDARD = "gnu++14";
				CLANG_CXX_LIBRARY = "libc++";
				CLANG_ENABLE_MODULES = YES;
				CLANG_ENABLE_OBJC_ARC = YES;
				CLANG_ENABLE_OBJC_WEAK = YES;
				CLANG_WARN_BLOCK_CAPTURE_AUTORELEASING = YES;
				CLANG_WARN_BOOL_CONVERSION = YES;
				CLANG_WARN_COMMA = YES;
				CLANG_WARN_CONSTANT_CONVERSION = YES;
				CLANG_WARN_DEPRECATED_OBJC_IMPLEMENTATIONS = YES;
				CLANG_WARN_DIRECT_OBJC_ISA_USAGE = YES_ERROR;
				CLANG_WARN_DOCUMENTATION_COMMENTS = YES;
				CLANG_WARN_EMPTY_BODY = YES;
				CLANG_WARN_ENUM_CONVERSION = YES;
				CLANG_WARN_INFINITE_RECURSION = YES;
				CLANG_WARN_INT_CONVERSION = YES;
				CLANG_WARN_NON_LITERAL_NULL_CONVERSION = YES;
				CLANG_WARN_OBJC_IMPLICIT_RETAIN_SELF = YES;
				CLANG_WARN_OBJC_LITERAL_CONVERSION = YES;
				CLANG_WARN_OBJC_ROOT_CLASS = YES_ERROR;
				CLANG_WARN_RANGE_LOOP_ANALYSIS = YES;
				CLANG_WARN_STRICT_PROTOTYPES = YES;
				CLANG_WARN_SUSPICIOUS_MOVE = YES;
				CLANG_WARN_UNGUARDED_AVAILABILITY = YES_AGGRESSIVE;
				CLANG_WARN_UNREACHABLE_CODE = YES;
				CLANG_WARN__DUPLICATE_METHOD_MATCH = YES;
				CODE_SIGN_IDENTITY = "iPhone Developer";
				COPY_PHASE_STRIP = NO;
				DEBUG_INFORMATION_FORMAT = "dwarf-with-dsym";
				ENABLE_NS_ASSERTIONS = NO;
				ENABLE_STRICT_OBJC_MSGSEND = YES;
				GCC_C_LANGUAGE_STANDARD = gnu11;
				GCC_NO_COMMON_BLOCKS = YES;
				GCC_WARN_64_TO_32_BIT_CONVERSION = YES;
				GCC_WARN_ABOUT_RETURN_TYPE = YES_ERROR;
				GCC_WARN_UNDECLARED_SELECTOR = YES;
				GCC_WARN_UNINITIALIZED_AUTOS = YES_AGGRESSIVE;
				GCC_WARN_UNUSED_FUNCTION = YES;
				GCC_WARN_UNUSED_VARIABLE = YES;
				IPHONEOS_DEPLOYMENT_TARGET = 12.4;
				MTL_ENABLE_DEBUG_INFO = NO;
				MTL_FAST_MATH = YES;
				SDKROOT = iphoneos;
				SWIFT_COMPILATION_MODE = wholemodule;
				SWIFT_OPTIMIZATION_LEVEL = "-O";
				VALIDATE_PRODUCT = YES;
			};
			name = Release;
		};
		871E938C2329C04D0064B88E /* Debug */ = {
			isa = XCBuildConfiguration;
			buildSettings = {
				ASSETCATALOG_COMPILER_APPICON_NAME = AppIcon;
				CODE_SIGN_STYLE = Automatic;
				DEVELOPMENT_TEAM = AL9A5666Q9;
				INFOPLIST_FILE = CodingChallenge/Info.plist;
				LD_RUNPATH_SEARCH_PATHS = (
					"$(inherited)",
					"@executable_path/Frameworks",
				);
				PRODUCT_BUNDLE_IDENTIFIER = com.jrgr.CodingChallenge;
				PRODUCT_NAME = "$(TARGET_NAME)";
				SWIFT_VERSION = 5.0;
				TARGETED_DEVICE_FAMILY = "1,2";
			};
			name = Debug;
		};
		871E938D2329C04D0064B88E /* Release */ = {
			isa = XCBuildConfiguration;
			buildSettings = {
				ASSETCATALOG_COMPILER_APPICON_NAME = AppIcon;
				CODE_SIGN_STYLE = Automatic;
				DEVELOPMENT_TEAM = AL9A5666Q9;
				INFOPLIST_FILE = CodingChallenge/Info.plist;
				LD_RUNPATH_SEARCH_PATHS = (
					"$(inherited)",
					"@executable_path/Frameworks",
				);
				PRODUCT_BUNDLE_IDENTIFIER = com.jrgr.CodingChallenge;
				PRODUCT_NAME = "$(TARGET_NAME)";
				SWIFT_VERSION = 5.0;
				TARGETED_DEVICE_FAMILY = "1,2";
			};
			name = Release;
		};
		871E938F2329C04D0064B88E /* Debug */ = {
			isa = XCBuildConfiguration;
			buildSettings = {
				ALWAYS_EMBED_SWIFT_STANDARD_LIBRARIES = YES;
				BUNDLE_LOADER = "$(TEST_HOST)";
				CODE_SIGN_STYLE = Automatic;
				DEVELOPMENT_TEAM = AL9A5666Q9;
				INFOPLIST_FILE = CodingChallengeTests/Info.plist;
				LD_RUNPATH_SEARCH_PATHS = (
					"$(inherited)",
					"@executable_path/Frameworks",
					"@loader_path/Frameworks",
				);
				PRODUCT_BUNDLE_IDENTIFIER = com.jrgr.CodingChallengeTests;
				PRODUCT_NAME = "$(TARGET_NAME)";
				SWIFT_VERSION = 5.0;
				TARGETED_DEVICE_FAMILY = "1,2";
				TEST_HOST = "$(BUILT_PRODUCTS_DIR)/CodingChallenge.app/CodingChallenge";
			};
			name = Debug;
		};
		871E93902329C04D0064B88E /* Release */ = {
			isa = XCBuildConfiguration;
			buildSettings = {
				ALWAYS_EMBED_SWIFT_STANDARD_LIBRARIES = YES;
				BUNDLE_LOADER = "$(TEST_HOST)";
				CODE_SIGN_STYLE = Automatic;
				DEVELOPMENT_TEAM = AL9A5666Q9;
				INFOPLIST_FILE = CodingChallengeTests/Info.plist;
				LD_RUNPATH_SEARCH_PATHS = (
					"$(inherited)",
					"@executable_path/Frameworks",
					"@loader_path/Frameworks",
				);
				PRODUCT_BUNDLE_IDENTIFIER = com.jrgr.CodingChallengeTests;
				PRODUCT_NAME = "$(TARGET_NAME)";
				SWIFT_VERSION = 5.0;
				TARGETED_DEVICE_FAMILY = "1,2";
				TEST_HOST = "$(BUILT_PRODUCTS_DIR)/CodingChallenge.app/CodingChallenge";
			};
			name = Release;
		};
		871E93922329C04D0064B88E /* Debug */ = {
			isa = XCBuildConfiguration;
			buildSettings = {
				ALWAYS_EMBED_SWIFT_STANDARD_LIBRARIES = YES;
				CODE_SIGN_STYLE = Automatic;
				DEVELOPMENT_TEAM = AL9A5666Q9;
				INFOPLIST_FILE = CodingChallengeUITests/Info.plist;
				LD_RUNPATH_SEARCH_PATHS = (
					"$(inherited)",
					"@executable_path/Frameworks",
					"@loader_path/Frameworks",
				);
				PRODUCT_BUNDLE_IDENTIFIER = com.jrgr.CodingChallengeUITests;
				PRODUCT_NAME = "$(TARGET_NAME)";
				SWIFT_VERSION = 5.0;
				TARGETED_DEVICE_FAMILY = "1,2";
				TEST_TARGET_NAME = CodingChallenge;
			};
			name = Debug;
		};
		871E93932329C04D0064B88E /* Release */ = {
			isa = XCBuildConfiguration;
			buildSettings = {
				ALWAYS_EMBED_SWIFT_STANDARD_LIBRARIES = YES;
				CODE_SIGN_STYLE = Automatic;
				DEVELOPMENT_TEAM = AL9A5666Q9;
				INFOPLIST_FILE = CodingChallengeUITests/Info.plist;
				LD_RUNPATH_SEARCH_PATHS = (
					"$(inherited)",
					"@executable_path/Frameworks",
					"@loader_path/Frameworks",
				);
				PRODUCT_BUNDLE_IDENTIFIER = com.jrgr.CodingChallengeUITests;
				PRODUCT_NAME = "$(TARGET_NAME)";
				SWIFT_VERSION = 5.0;
				TARGETED_DEVICE_FAMILY = "1,2";
				TEST_TARGET_NAME = CodingChallenge;
			};
			name = Release;
		};
/* End XCBuildConfiguration section */

/* Begin XCConfigurationList section */
		871E935E2329C0460064B88E /* Build configuration list for PBXProject "CodingChallenge" */ = {
			isa = XCConfigurationList;
			buildConfigurations = (
				871E93892329C04D0064B88E /* Debug */,
				871E938A2329C04D0064B88E /* Release */,
			);
			defaultConfigurationIsVisible = 0;
			defaultConfigurationName = Release;
		};
		871E938B2329C04D0064B88E /* Build configuration list for PBXNativeTarget "CodingChallenge" */ = {
			isa = XCConfigurationList;
			buildConfigurations = (
				871E938C2329C04D0064B88E /* Debug */,
				871E938D2329C04D0064B88E /* Release */,
			);
			defaultConfigurationIsVisible = 0;
			defaultConfigurationName = Release;
		};
		871E938E2329C04D0064B88E /* Build configuration list for PBXNativeTarget "CodingChallengeTests" */ = {
			isa = XCConfigurationList;
			buildConfigurations = (
				871E938F2329C04D0064B88E /* Debug */,
				871E93902329C04D0064B88E /* Release */,
			);
			defaultConfigurationIsVisible = 0;
			defaultConfigurationName = Release;
		};
		871E93912329C04D0064B88E /* Build configuration list for PBXNativeTarget "CodingChallengeUITests" */ = {
			isa = XCConfigurationList;
			buildConfigurations = (
				871E93922329C04D0064B88E /* Debug */,
				871E93932329C04D0064B88E /* Release */,
			);
			defaultConfigurationIsVisible = 0;
			defaultConfigurationName = Release;
		};
/* End XCConfigurationList section */
	};
	rootObject = 871E935B2329C0460064B88E /* Project object */;
}
